
Microsoft Visual Studio Solution File, Format Version 12.00
# Visual Studio Version 17
VisualStudioVersion = 17.6.33717.318
MinimumVisualStudioVersion = 10.0.40219.1
Project("{9A19103F-16F7-4668-BE54-9A1E7A4F7556}") = "ESP.Cloud.BE.Host", "ESP.Cloud.BE.Host\ESP.Cloud.BE.Host.csproj", "{BC8F739A-B73B-42DC-8078-7A362D146F4B}"
EndProject
Project("{FAE04EC0-301F-11D3-BF4B-00C04F79EFBC}") = "ESP.Cloud.BE.Core", "ESP.Cloud.BE.Core\ESP.Cloud.BE.Core.csproj", "{3871BCD0-8065-4C44-9F98-94062514445D}"
EndProject
Project("{FAE04EC0-301F-11D3-BF4B-00C04F79EFBC}") = "ESP.Cloud.BE.Infrastructure", "ESP.Cloud.BE.Infrastructure\ESP.Cloud.BE.Infrastructure.csproj", "{2DB162BE-6E57-43CA-96F1-B9D4E7691115}"
EndProject
Project("{FAE04EC0-301F-11D3-BF4B-00C04F79EFBC}") = "ESP.Cloud.BE.Cache", "ESP.Cloud.BE.Cache\ESP.Cloud.BE.Cache.csproj", "{E0C99C16-444D-4F4D-9656-9332322DE1FC}"
EndProject
Project("{FAE04EC0-301F-11D3-BF4B-00C04F79EFBC}") = "ESP.Cloud.BE.ElasticSearch", "ESP.Cloud.BE.ElasticSearch\ESP.Cloud.BE.ElasticSearch.csproj", "{8DF6FCFC-9433-472C-8961-3F6A929BFE22}"
EndProject
Project("{FAE04EC0-301F-11D3-BF4B-00C04F79EFBC}") = "ESP.Cloud.BE.GoogleAPI", "ESP.Cloud.BE.GoogleAPI\ESP.Cloud.BE.GoogleAPI.csproj", "{415ED223-4315-47C0-AEE2-656609224131}"
EndProject
Project("{FAE04EC0-301F-11D3-BF4B-00C04F79EFBC}") = "ESP.Cloud.BE.ChatGPT", "ESP.Cloud.BE.ChatGPT\ESP.Cloud.BE.ChatGPT.csproj", "{CF8A1265-030F-4890-97BB-28B02AC59965}"
EndProject
Project("{FAE04EC0-301F-11D3-BF4B-00C04F79EFBC}") = "ESP.Cloud.BE.Application", "ESP.Cloud.BE.Application\ESP.Cloud.BE.Application.csproj", "{E261CF0E-CC1D-47DE-84AB-849CDB82F9D5}"
EndProject
Global
	GlobalSection(SolutionConfigurationPlatforms) = preSolution
		Debug|Any CPU = Debug|Any CPU
		Release|Any CPU = Release|Any CPU
	EndGlobalSection
	GlobalSection(ProjectConfigurationPlatforms) = postSolution
		{BC8F739A-B73B-42DC-8078-7A362D146F4B}.Debug|Any CPU.ActiveCfg = Debug|Any CPU
		{BC8F739A-B73B-42DC-8078-7A362D146F4B}.Debug|Any CPU.Build.0 = Debug|Any CPU
		{BC8F739A-B73B-42DC-8078-7A362D146F4B}.Release|Any CPU.ActiveCfg = Release|Any CPU
		{BC8F739A-B73B-42DC-8078-7A362D146F4B}.Release|Any CPU.Build.0 = Release|Any CPU
		{3871BCD0-8065-4C44-9F98-94062514445D}.Debug|Any CPU.ActiveCfg = Debug|Any CPU
		{3871BCD0-8065-4C44-9F98-94062514445D}.Debug|Any CPU.Build.0 = Debug|Any CPU
		{3871BCD0-8065-4C44-9F98-94062514445D}.Release|Any CPU.ActiveCfg = Release|Any CPU
		{3871BCD0-8065-4C44-9F98-94062514445D}.Release|Any CPU.Build.0 = Release|Any CPU
		{2DB162BE-6E57-43CA-96F1-B9D4E7691115}.Debug|Any CPU.ActiveCfg = Debug|Any CPU
		{2DB162BE-6E57-43CA-96F1-B9D4E7691115}.Debug|Any CPU.Build.0 = Debug|Any CPU
		{2DB162BE-6E57-43CA-96F1-B9D4E7691115}.Release|Any CPU.ActiveCfg = Release|Any CPU
		{2DB162BE-6E57-43CA-96F1-B9D4E7691115}.Release|Any CPU.Build.0 = Release|Any CPU
		{E0C99C16-444D-4F4D-9656-9332322DE1FC}.Debug|Any CPU.ActiveCfg = Debug|Any CPU
		{E0C99C16-444D-4F4D-9656-9332322DE1FC}.Debug|Any CPU.Build.0 = Debug|Any CPU
		{E0C99C16-444D-4F4D-9656-9332322DE1FC}.Release|Any CPU.ActiveCfg = Release|Any CPU
		{E0C99C16-444D-4F4D-9656-9332322DE1FC}.Release|Any CPU.Build.0 = Release|Any CPU
		{8DF6FCFC-9433-472C-8961-3F6A929BFE22}.Debug|Any CPU.ActiveCfg = Debug|Any CPU
		{8DF6FCFC-9433-472C-8961-3F6A929BFE22}.Debug|Any CPU.Build.0 = Debug|Any CPU
		{8DF6FCFC-9433-472C-8961-3F6A929BFE22}.Release|Any CPU.ActiveCfg = Release|Any CPU
		{8DF6FCFC-9433-472C-8961-3F6A929BFE22}.Release|Any CPU.Build.0 = Release|Any CPU
		{415ED223-4315-47C0-AEE2-656609224131}.Debug|Any CPU.ActiveCfg = Debug|Any CPU
		{415ED223-4315-47C0-AEE2-656609224131}.Debug|Any CPU.Build.0 = Debug|Any CPU
		{415ED223-4315-47C0-AEE2-656609224131}.Release|Any CPU.ActiveCfg = Release|Any CPU
		{415ED223-4315-47C0-AEE2-656609224131}.Release|Any CPU.Build.0 = Release|Any CPU
		{CF8A1265-030F-4890-97BB-28B02AC59965}.Debug|Any CPU.ActiveCfg = Debug|Any CPU
		{CF8A1265-030F-4890-97BB-28B02AC59965}.Debug|Any CPU.Build.0 = Debug|Any CPU
		{CF8A1265-030F-4890-97BB-28B02AC59965}.Release|Any CPU.ActiveCfg = Release|Any CPU
		{CF8A1265-030F-4890-97BB-28B02AC59965}.Release|Any CPU.Build.0 = Release|Any CPU
		{E261CF0E-CC1D-47DE-84AB-849CDB82F9D5}.Debug|Any CPU.ActiveCfg = Debug|Any CPU
		{E261CF0E-CC1D-47DE-84AB-849CDB82F9D5}.Debug|Any CPU.Build.0 = Debug|Any CPU
		{E261CF0E-CC1D-47DE-84AB-849CDB82F9D5}.Release|Any CPU.ActiveCfg = Release|Any CPU
		{E261CF0E-CC1D-47DE-84AB-849CDB82F9D5}.Release|Any CPU.Build.0 = Release|Any CPU
	EndGlobalSection
	GlobalSection(SolutionProperties) = preSolution
		HideSolutionNode = FALSE
	EndGlobalSection
	GlobalSection(ExtensibilityGlobals) = postSolution
		SolutionGuid = {DA19E294-94E4-4BD0-86AB-39D0C26AF921}
	EndGlobalSection
EndGlobal
